// !$*UTF8*$!
{
	archiveVersion = 1;
	classes = {
	};
	objectVersion = 56;
	objects = {

/* Begin PBXBuildFile section */
		5A080DE529936E50002159FB /* BlendshapeCvtModel.swift in Sources */ = {isa = PBXBuildFile; fileRef = 5A080DE429936E50002159FB /* BlendshapeCvtModel.swift */; };
		5A0A58A82994DE1500BC581A /* SettingView.swift in Sources */ = {isa = PBXBuildFile; fileRef = 5A0A58A72994DE1500BC581A /* SettingView.swift */; };
		5A0A58AD2994DF0600BC581A /* ArViewModel.swift in Sources */ = {isa = PBXBuildFile; fileRef = 5A0A58AC2994DF0600BC581A /* ArViewModel.swift */; };
		5A0A58AF2994E93C00BC581A /* ConfigFile.swift in Sources */ = {isa = PBXBuildFile; fileRef = 5A0A58AE2994E93C00BC581A /* ConfigFile.swift */; };
		5A0A58B129960C5600BC581A /* MessageView.swift in Sources */ = {isa = PBXBuildFile; fileRef = 5A0A58B029960C5600BC581A /* MessageView.swift */; };
		5A0A58B32996385600BC581A /* MotionTcpClient.swift in Sources */ = {isa = PBXBuildFile; fileRef = 5A0A58B22996385600BC581A /* MotionTcpClient.swift */; };
		5A0A58B62996388B00BC581A /* NIO in Frameworks */ = {isa = PBXBuildFile; productRef = 5A0A58B52996388B00BC581A /* NIO */; };
		5A0A58B8299CBED200BC581A /* MainSettingView.swift in Sources */ = {isa = PBXBuildFile; fileRef = 5A0A58B7299CBED200BC581A /* MainSettingView.swift */; };
		5A30F72C299E18C6001AA446 /* FaceBlendShape.swift in Sources */ = {isa = PBXBuildFile; fileRef = 5A30F72B299E18C6001AA446 /* FaceBlendShape.swift */; };
		5A30F72E299E27D0001AA446 /* RigTestView.swift in Sources */ = {isa = PBXBuildFile; fileRef = 5A30F72D299E27D0001AA446 /* RigTestView.swift */; };
		5A30F730299F62EC001AA446 /* ARSessionDelegateExtension.swift in Sources */ = {isa = PBXBuildFile; fileRef = 5A30F72F299F62EC001AA446 /* ARSessionDelegateExtension.swift */; };
		5A30F732299F709A001AA446 /* FaceBlendShapeView.swift in Sources */ = {isa = PBXBuildFile; fileRef = 5A30F731299F709A001AA446 /* FaceBlendShapeView.swift */; };
		5A979D672993611D0024F207 /* Blendshape2RobotApp.swift in Sources */ = {isa = PBXBuildFile; fileRef = 5A979D662993611D0024F207 /* Blendshape2RobotApp.swift */; };
		5A979D692993611D0024F207 /* ContentView.swift in Sources */ = {isa = PBXBuildFile; fileRef = 5A979D682993611D0024F207 /* ContentView.swift */; };
		5A979D6B2993611F0024F207 /* Assets.xcassets in Resources */ = {isa = PBXBuildFile; fileRef = 5A979D6A2993611F0024F207 /* Assets.xcassets */; };
		5A979D6E2993611F0024F207 /* Preview Assets.xcassets in Resources */ = {isa = PBXBuildFile; fileRef = 5A979D6D2993611F0024F207 /* Preview Assets.xcassets */; };
		5AF1B33729B5BE28009DC5C5 /* CsvFile.swift in Sources */ = {isa = PBXBuildFile; fileRef = 5AF1B33629B5BE28009DC5C5 /* CsvFile.swift */; };
/* End PBXBuildFile section */

/* Begin PBXFileReference section */
		5A080DE429936E50002159FB /* BlendshapeCvtModel.swift */ = {isa = PBXFileReference; lastKnownFileType = sourcecode.swift; path = BlendshapeCvtModel.swift; sourceTree = "<group>"; };
		5A0A58A72994DE1500BC581A /* SettingView.swift */ = {isa = PBXFileReference; fileEncoding = 4; lastKnownFileType = sourcecode.swift; path = SettingView.swift; sourceTree = "<group>"; };
		5A0A58AC2994DF0600BC581A /* ArViewModel.swift */ = {isa = PBXFileReference; lastKnownFileType = sourcecode.swift; path = ArViewModel.swift; sourceTree = "<group>"; };
		5A0A58AE2994E93C00BC581A /* ConfigFile.swift */ = {isa = PBXFileReference; lastKnownFileType = sourcecode.swift; path = ConfigFile.swift; sourceTree = "<group>"; };
		5A0A58B029960C5600BC581A /* MessageView.swift */ = {isa = PBXFileReference; fileEncoding = 4; lastKnownFileType = sourcecode.swift; path = MessageView.swift; sourceTree = "<group>"; };
		5A0A58B22996385600BC581A /* MotionTcpClient.swift */ = {isa = PBXFileReference; lastKnownFileType = sourcecode.swift; path = MotionTcpClient.swift; sourceTree = "<group>"; };
		5A0A58B7299CBED200BC581A /* MainSettingView.swift */ = {isa = PBXFileReference; lastKnownFileType = sourcecode.swift; path = MainSettingView.swift; sourceTree = "<group>"; };
		5A30F72B299E18C6001AA446 /* FaceBlendShape.swift */ = {isa = PBXFileReference; lastKnownFileType = sourcecode.swift; path = FaceBlendShape.swift; sourceTree = "<group>"; };
		5A30F72D299E27D0001AA446 /* RigTestView.swift */ = {isa = PBXFileReference; lastKnownFileType = sourcecode.swift; path = RigTestView.swift; sourceTree = "<group>"; };
		5A30F72F299F62EC001AA446 /* ARSessionDelegateExtension.swift */ = {isa = PBXFileReference; lastKnownFileType = sourcecode.swift; name = ARSessionDelegateExtension.swift; path = Blendshape2Robot/ARSessionDelegateExtension.swift; sourceTree = SOURCE_ROOT; };
		5A30F731299F709A001AA446 /* FaceBlendShapeView.swift */ = {isa = PBXFileReference; lastKnownFileType = sourcecode.swift; path = FaceBlendShapeView.swift; sourceTree = "<group>"; };
		5A979D632993611D0024F207 /* Blendshape2Robot.app */ = {isa = PBXFileReference; explicitFileType = wrapper.application; includeInIndex = 0; path = Blendshape2Robot.app; sourceTree = BUILT_PRODUCTS_DIR; };
		5A979D662993611D0024F207 /* Blendshape2RobotApp.swift */ = {isa = PBXFileReference; lastKnownFileType = sourcecode.swift; path = Blendshape2RobotApp.swift; sourceTree = "<group>"; };
		5A979D682993611D0024F207 /* ContentView.swift */ = {isa = PBXFileReference; lastKnownFileType = sourcecode.swift; path = ContentView.swift; sourceTree = "<group>"; };
		5A979D6A2993611F0024F207 /* Assets.xcassets */ = {isa = PBXFileReference; lastKnownFileType = folder.assetcatalog; path = Assets.xcassets; sourceTree = "<group>"; };
		5A979D6D2993611F0024F207 /* Preview Assets.xcassets */ = {isa = PBXFileReference; lastKnownFileType = folder.assetcatalog; path = "Preview Assets.xcassets"; sourceTree = "<group>"; };
		5AF1B33529B5859E009DC5C5 /* Info.plist */ = {isa = PBXFileReference; lastKnownFileType = text.plist; path = Info.plist; sourceTree = "<group>"; };
		5AF1B33629B5BE28009DC5C5 /* CsvFile.swift */ = {isa = PBXFileReference; lastKnownFileType = sourcecode.swift; path = CsvFile.swift; sourceTree = "<group>"; };
/* End PBXFileReference section */

/* Begin PBXFrameworksBuildPhase section */
		5A979D602993611D0024F207 /* Frameworks */ = {
			isa = PBXFrameworksBuildPhase;
			buildActionMask = 2147483647;
			files = (
				5A0A58B62996388B00BC581A /* NIO in Frameworks */,
			);
			runOnlyForDeploymentPostprocessing = 0;
		};
/* End PBXFrameworksBuildPhase section */

/* Begin PBXGroup section */
		5A0A58AA2994DEB200BC581A /* views */ = {
			isa = PBXGroup;
			children = (
				5A979D682993611D0024F207 /* ContentView.swift */,
				5A30F731299F709A001AA446 /* FaceBlendShapeView.swift */,
				5A0A58A72994DE1500BC581A /* SettingView.swift */,
				5A0A58B029960C5600BC581A /* MessageView.swift */,
				5A0A58B7299CBED200BC581A /* MainSettingView.swift */,
				5A30F72D299E27D0001AA446 /* RigTestView.swift */,
			);
			path = views;
			sourceTree = "<group>";
		};
		5A0A58AB2994DED500BC581A /* models */ = {
			isa = PBXGroup;
			children = (
				5A080DE429936E50002159FB /* BlendshapeCvtModel.swift */,
				5A0A58AE2994E93C00BC581A /* ConfigFile.swift */,
				5A0A58B22996385600BC581A /* MotionTcpClient.swift */,
				5A30F72B299E18C6001AA446 /* FaceBlendShape.swift */,
				5AF1B33629B5BE28009DC5C5 /* CsvFile.swift */,
			);
			path = models;
			sourceTree = "<group>";
		};
		5A979D5A2993611D0024F207 = {
			isa = PBXGroup;
			children = (
				5A979D652993611D0024F207 /* Blendshape2Robot */,
				5A979D642993611D0024F207 /* Products */,
			);
			sourceTree = "<group>";
		};
		5A979D642993611D0024F207 /* Products */ = {
			isa = PBXGroup;
			children = (
				5A979D632993611D0024F207 /* Blendshape2Robot.app */,
			);
			name = Products;
			sourceTree = "<group>";
		};
		5A979D652993611D0024F207 /* Blendshape2Robot */ = {
			isa = PBXGroup;
			children = (
				5AF1B33529B5859E009DC5C5 /* Info.plist */,
				5A979D662993611D0024F207 /* Blendshape2RobotApp.swift */,
				5A0A58AC2994DF0600BC581A /* ArViewModel.swift */,
				5A30F72F299F62EC001AA446 /* ARSessionDelegateExtension.swift */,
				5A0A58AB2994DED500BC581A /* models */,
				5A0A58AA2994DEB200BC581A /* views */,
				5A979D6A2993611F0024F207 /* Assets.xcassets */,
				5A979D6C2993611F0024F207 /* Preview Content */,
			);
			path = Blendshape2Robot;
			sourceTree = "<group>";
		};
		5A979D6C2993611F0024F207 /* Preview Content */ = {
			isa = PBXGroup;
			children = (
				5A979D6D2993611F0024F207 /* Preview Assets.xcassets */,
			);
			path = "Preview Content";
			sourceTree = "<group>";
		};
/* End PBXGroup section */

/* Begin PBXNativeTarget section */
		5A979D622993611D0024F207 /* Blendshape2Robot */ = {
			isa = PBXNativeTarget;
			buildConfigurationList = 5A979D712993611F0024F207 /* Build configuration list for PBXNativeTarget "Blendshape2Robot" */;
			buildPhases = (
				5A979D5F2993611D0024F207 /* Sources */,
				5A979D602993611D0024F207 /* Frameworks */,
				5A979D612993611D0024F207 /* Resources */,
			);
			buildRules = (
			);
			dependencies = (
			);
			name = Blendshape2Robot;
			packageProductDependencies = (
				5A0A58B52996388B00BC581A /* NIO */,
			);
			productName = Blendshape2Robot;
			productReference = 5A979D632993611D0024F207 /* Blendshape2Robot.app */;
			productType = "com.apple.product-type.application";
		};
/* End PBXNativeTarget section */

/* Begin PBXProject section */
		5A979D5B2993611D0024F207 /* Project object */ = {
			isa = PBXProject;
			attributes = {
				BuildIndependentTargetsInParallel = 1;
				LastSwiftUpdateCheck = 1420;
				LastUpgradeCheck = 1420;
				TargetAttributes = {
					5A979D622993611D0024F207 = {
						CreatedOnToolsVersion = 14.2;
					};
				};
			};
			buildConfigurationList = 5A979D5E2993611D0024F207 /* Build configuration list for PBXProject "Blendshape2Robot" */;
			compatibilityVersion = "Xcode 14.0";
			developmentRegion = en;
			hasScannedForEncodings = 0;
			knownRegions = (
				en,
				Base,
			);
			mainGroup = 5A979D5A2993611D0024F207;
			packageReferences = (
				5A0A58B42996388B00BC581A /* XCRemoteSwiftPackageReference "swift-nio" */,
			);
			productRefGroup = 5A979D642993611D0024F207 /* Products */;
			projectDirPath = "";
			projectRoot = "";
			targets = (
				5A979D622993611D0024F207 /* Blendshape2Robot */,
			);
		};
/* End PBXProject section */

/* Begin PBXResourcesBuildPhase section */
		5A979D612993611D0024F207 /* Resources */ = {
			isa = PBXResourcesBuildPhase;
			buildActionMask = 2147483647;
			files = (
				5A979D6E2993611F0024F207 /* Preview Assets.xcassets in Resources */,
				5A979D6B2993611F0024F207 /* Assets.xcassets in Resources */,
			);
			runOnlyForDeploymentPostprocessing = 0;
		};
/* End PBXResourcesBuildPhase section */

/* Begin PBXSourcesBuildPhase section */
		5A979D5F2993611D0024F207 /* Sources */ = {
			isa = PBXSourcesBuildPhase;
			buildActionMask = 2147483647;
			files = (
				5A30F730299F62EC001AA446 /* ARSessionDelegateExtension.swift in Sources */,
				5A979D692993611D0024F207 /* ContentView.swift in Sources */,
				5A0A58B8299CBED200BC581A /* MainSettingView.swift in Sources */,
				5A0A58A82994DE1500BC581A /* SettingView.swift in Sources */,
				5A979D672993611D0024F207 /* Blendshape2RobotApp.swift in Sources */,
				5A0A58AF2994E93C00BC581A /* ConfigFile.swift in Sources */,
				5A30F72C299E18C6001AA446 /* FaceBlendShape.swift in Sources */,
				5A0A58B32996385600BC581A /* MotionTcpClient.swift in Sources */,
				5A30F72E299E27D0001AA446 /* RigTestView.swift in Sources */,
				5A080DE529936E50002159FB /* BlendshapeCvtModel.swift in Sources */,
				5AF1B33729B5BE28009DC5C5 /* CsvFile.swift in Sources */,
				5A30F732299F709A001AA446 /* FaceBlendShapeView.swift in Sources */,
				5A0A58B129960C5600BC581A /* MessageView.swift in Sources */,
				5A0A58AD2994DF0600BC581A /* ArViewModel.swift in Sources */,
			);
			runOnlyForDeploymentPostprocessing = 0;
		};
/* End PBXSourcesBuildPhase section */

/* Begin XCBuildConfiguration section */
		5A979D6F2993611F0024F207 /* Debug */ = {
			isa = XCBuildConfiguration;
			buildSettings = {
				ALWAYS_SEARCH_USER_PATHS = NO;
				CLANG_ANALYZER_NONNULL = YES;
				CLANG_ANALYZER_NUMBER_OBJECT_CONVERSION = YES_AGGRESSIVE;
				CLANG_CXX_LANGUAGE_STANDARD = "gnu++20";
				CLANG_ENABLE_MODULES = YES;
				CLANG_ENABLE_OBJC_ARC = YES;
				CLANG_ENABLE_OBJC_WEAK = YES;
				CLANG_WARN_BLOCK_CAPTURE_AUTORELEASING = YES;
				CLANG_WARN_BOOL_CONVERSION = YES;
				CLANG_WARN_COMMA = YES;
				CLANG_WARN_CONSTANT_CONVERSION = YES;
				CLANG_WARN_DEPRECATED_OBJC_IMPLEMENTATIONS = YES;
				CLANG_WARN_DIRECT_OBJC_ISA_USAGE = YES_ERROR;
				CLANG_WARN_DOCUMENTATION_COMMENTS = YES;
				CLANG_WARN_EMPTY_BODY = YES;
				CLANG_WARN_ENUM_CONVERSION = YES;
				CLANG_WARN_INFINITE_RECURSION = YES;
				CLANG_WARN_INT_CONVERSION = YES;
				CLANG_WARN_NON_LITERAL_NULL_CONVERSION = YES;
				CLANG_WARN_OBJC_IMPLICIT_RETAIN_SELF = YES;
				CLANG_WARN_OBJC_LITERAL_CONVERSION = YES;
				CLANG_WARN_OBJC_ROOT_CLASS = YES_ERROR;
				CLANG_WARN_QUOTED_INCLUDE_IN_FRAMEWORK_HEADER = YES;
				CLANG_WARN_RANGE_LOOP_ANALYSIS = YES;
				CLANG_WARN_STRICT_PROTOTYPES = YES;
				CLANG_WARN_SUSPICIOUS_MOVE = YES;
				CLANG_WARN_UNGUARDED_AVAILABILITY = YES_AGGRESSIVE;
				CLANG_WARN_UNREACHABLE_CODE = YES;
				CLANG_WARN__DUPLICATE_METHOD_MATCH = YES;
				COPY_PHASE_STRIP = NO;
				DEBUG_INFORMATION_FORMAT = dwarf;
				ENABLE_STRICT_OBJC_MSGSEND = YES;
				ENABLE_TESTABILITY = YES;
				GCC_C_LANGUAGE_STANDARD = gnu11;
				GCC_DYNAMIC_NO_PIC = NO;
				GCC_NO_COMMON_BLOCKS = YES;
				GCC_OPTIMIZATION_LEVEL = 0;
				GCC_PREPROCESSOR_DEFINITIONS = (
					"DEBUG=1",
					"$(inherited)",
				);
				GCC_WARN_64_TO_32_BIT_CONVERSION = YES;
				GCC_WARN_ABOUT_RETURN_TYPE = YES_ERROR;
				GCC_WARN_UNDECLARED_SELECTOR = YES;
				GCC_WARN_UNINITIALIZED_AUTOS = YES_AGGRESSIVE;
				GCC_WARN_UNUSED_FUNCTION = YES;
				GCC_WARN_UNUSED_VARIABLE = YES;
				IPHONEOS_DEPLOYMENT_TARGET = 16.2;
				MTL_ENABLE_DEBUG_INFO = INCLUDE_SOURCE;
				MTL_FAST_MATH = YES;
				ONLY_ACTIVE_ARCH = YES;
				SDKROOT = iphoneos;
				SWIFT_ACTIVE_COMPILATION_CONDITIONS = DEBUG;
				SWIFT_OPTIMIZATION_LEVEL = "-Onone";
			};
			name = Debug;
		};
		5A979D702993611F0024F207 /* Release */ = {
			isa = XCBuildConfiguration;
			buildSettings = {
				ALWAYS_SEARCH_USER_PATHS = NO;
				CLANG_ANALYZER_NONNULL = YES;
				CLANG_ANALYZER_NUMBER_OBJECT_CONVERSION = YES_AGGRESSIVE;
				CLANG_CXX_LANGUAGE_STANDARD = "gnu++20";
				CLANG_ENABLE_MODULES = YES;
				CLANG_ENABLE_OBJC_ARC = YES;
				CLANG_ENABLE_OBJC_WEAK = YES;
				CLANG_WARN_BLOCK_CAPTURE_AUTORELEASING = YES;
				CLANG_WARN_BOOL_CONVERSION = YES;
				CLANG_WARN_COMMA = YES;
				CLANG_WARN_CONSTANT_CONVERSION = YES;
				CLANG_WARN_DEPRECATED_OBJC_IMPLEMENTATIONS = YES;
				CLANG_WARN_DIRECT_OBJC_ISA_USAGE = YES_ERROR;
				CLANG_WARN_DOCUMENTATION_COMMENTS = YES;
				CLANG_WARN_EMPTY_BODY = YES;
				CLANG_WARN_ENUM_CONVERSION = YES;
				CLANG_WARN_INFINITE_RECURSION = YES;
				CLANG_WARN_INT_CONVERSION = YES;
				CLANG_WARN_NON_LITERAL_NULL_CONVERSION = YES;
				CLANG_WARN_OBJC_IMPLICIT_RETAIN_SELF = YES;
				CLANG_WARN_OBJC_LITERAL_CONVERSION = YES;
				CLANG_WARN_OBJC_ROOT_CLASS = YES_ERROR;
				CLANG_WARN_QUOTED_INCLUDE_IN_FRAMEWORK_HEADER = YES;
				CLANG_WARN_RANGE_LOOP_ANALYSIS = YES;
				CLANG_WARN_STRICT_PROTOTYPES = YES;
				CLANG_WARN_SUSPICIOUS_MOVE = YES;
				CLANG_WARN_UNGUARDED_AVAILABILITY = YES_AGGRESSIVE;
				CLANG_WARN_UNREACHABLE_CODE = YES;
				CLANG_WARN__DUPLICATE_METHOD_MATCH = YES;
				COPY_PHASE_STRIP = NO;
				DEBUG_INFORMATION_FORMAT = "dwarf-with-dsym";
				ENABLE_NS_ASSERTIONS = NO;
				ENABLE_STRICT_OBJC_MSGSEND = YES;
				GCC_C_LANGUAGE_STANDARD = gnu11;
				GCC_NO_COMMON_BLOCKS = YES;
				GCC_WARN_64_TO_32_BIT_CONVERSION = YES;
				GCC_WARN_ABOUT_RETURN_TYPE = YES_ERROR;
				GCC_WARN_UNDECLARED_SELECTOR = YES;
				GCC_WARN_UNINITIALIZED_AUTOS = YES_AGGRESSIVE;
				GCC_WARN_UNUSED_FUNCTION = YES;
				GCC_WARN_UNUSED_VARIABLE = YES;
				IPHONEOS_DEPLOYMENT_TARGET = 16.2;
				MTL_ENABLE_DEBUG_INFO = NO;
				MTL_FAST_MATH = YES;
				SDKROOT = iphoneos;
				SWIFT_COMPILATION_MODE = wholemodule;
				SWIFT_OPTIMIZATION_LEVEL = "-O";
				VALIDATE_PRODUCT = YES;
			};
			name = Release;
		};
		5A979D722993611F0024F207 /* Debug */ = {
			isa = XCBuildConfiguration;
			buildSettings = {
				ASSETCATALOG_COMPILER_APPICON_NAME = AppIcon;
				ASSETCATALOG_COMPILER_GLOBAL_ACCENT_COLOR_NAME = AccentColor;
				CODE_SIGN_STYLE = Automatic;
				CURRENT_PROJECT_VERSION = 1;
				DEVELOPMENT_ASSET_PATHS = "\"Blendshape2Robot/Preview Content\"";
				DEVELOPMENT_TEAM = 67SU59PVRY;
				ENABLE_PREVIEWS = YES;
				GENERATE_INFOPLIST_FILE = YES;
				INFOPLIST_FILE = Blendshape2Robot/Info.plist;
				INFOPLIST_KEY_LSSupportsOpeningDocumentsInPlace = YES;
				INFOPLIST_KEY_NSCameraUsageDescription = "";
				INFOPLIST_KEY_NSRemovableVolumesUsageDescription = "";
				INFOPLIST_KEY_UIApplicationSceneManifest_Generation = YES;
				INFOPLIST_KEY_UIApplicationSupportsIndirectInputEvents = YES;
				INFOPLIST_KEY_UILaunchScreen_Generation = YES;
				INFOPLIST_KEY_UIRequiresFullScreen = YES;
				INFOPLIST_KEY_UISupportedInterfaceOrientations = UIInterfaceOrientationPortrait;
				LD_RUNPATH_SEARCH_PATHS = (
					"$(inherited)",
					"@executable_path/Frameworks",
				);
				MARKETING_VERSION = 1.0;
				PRODUCT_BUNDLE_IDENTIFIER = Inc.ATR.Blendshape2Robot;
				PRODUCT_NAME = "$(TARGET_NAME)";
				SWIFT_EMIT_LOC_STRINGS = YES;
				SWIFT_VERSION = 5.0;
				TARGETED_DEVICE_FAMILY = "1,2";
			};
			name = Debug;
		};
		5A979D732993611F0024F207 /* Release */ = {
			isa = XCBuildConfiguration;
			buildSettings = {
				ASSETCATALOG_COMPILER_APPICON_NAME = AppIcon;
				ASSETCATALOG_COMPILER_GLOBAL_ACCENT_COLOR_NAME = AccentColor;
				CODE_SIGN_STYLE = Automatic;
				CURRENT_PROJECT_VERSION = 1;
				DEVELOPMENT_ASSET_PATHS = "\"Blendshape2Robot/Preview Content\"";
				DEVELOPMENT_TEAM = 67SU59PVRY;
				ENABLE_PREVIEWS = YES;
				GENERATE_INFOPLIST_FILE = YES;
				INFOPLIST_FILE = Blendshape2Robot/Info.plist;
				INFOPLIST_KEY_LSSupportsOpeningDocumentsInPlace = YES;
				INFOPLIST_KEY_NSCameraUsageDescription = "";
				INFOPLIST_KEY_NSRemovableVolumesUsageDescription = "";
				INFOPLIST_KEY_UIApplicationSceneManifest_Generation = YES;
				INFOPLIST_KEY_UIApplicationSupportsIndirectInputEvents = YES;
				INFOPLIST_KEY_UILaunchScreen_Generation = YES;
				INFOPLIST_KEY_UIRequiresFullScreen = YES;
				INFOPLIST_KEY_UISupportedInterfaceOrientations = UIInterfaceOrientationPortrait;
				LD_RUNPATH_SEARCH_PATHS = (
					"$(inherited)",
					"@executable_path/Frameworks",
				);
				MARKETING_VERSION = 1.0;
				PRODUCT_BUNDLE_IDENTIFIER = Inc.ATR.Blendshape2Robot;
				PRODUCT_NAME = "$(TARGET_NAME)";
				SWIFT_EMIT_LOC_STRINGS = YES;
				SWIFT_VERSION = 5.0;
				TARGETED_DEVICE_FAMILY = "1,2";
			};
			name = Release;
		};
/* End XCBuildConfiguration section */

/* Begin XCConfigurationList section */
		5A979D5E2993611D0024F207 /* Build configuration list for PBXProject "Blendshape2Robot" */ = {
			isa = XCConfigurationList;
			buildConfigurations = (
				5A979D6F2993611F0024F207 /* Debug */,
				5A979D702993611F0024F207 /* Release */,
			);
			defaultConfigurationIsVisible = 0;
			defaultConfigurationName = Release;
		};
		5A979D712993611F0024F207 /* Build configuration list for PBXNativeTarget "Blendshape2Robot" */ = {
			isa = XCConfigurationList;
			buildConfigurations = (
				5A979D722993611F0024F207 /* Debug */,
				5A979D732993611F0024F207 /* Release */,
			);
			defaultConfigurationIsVisible = 0;
			defaultConfigurationName = Release;
		};
/* End XCConfigurationList section */

/* Begin XCRemoteSwiftPackageReference section */
		5A0A58B42996388B00BC581A /* XCRemoteSwiftPackageReference "swift-nio" */ = {
			isa = XCRemoteSwiftPackageReference;
			repositoryURL = "https://github.com/apple/swift-nio.git";
			requirement = {
				kind = upToNextMajorVersion;
				minimumVersion = 2.0.0;
			};
		};
/* End XCRemoteSwiftPackageReference section */

/* Begin XCSwiftPackageProductDependency section */
		5A0A58B52996388B00BC581A /* NIO */ = {
			isa = XCSwiftPackageProductDependency;
			package = 5A0A58B42996388B00BC581A /* XCRemoteSwiftPackageReference "swift-nio" */;
			productName = NIO;
		};
/* End XCSwiftPackageProductDependency section */
	};
	rootObject = 5A979D5B2993611D0024F207 /* Project object */;
}
